
Microsoft Visual Studio Solution File, Format Version 12.00
# Visual Studio Version 17
VisualStudioVersion = 17.5.33530.505
MinimumVisualStudioVersion = 10.0.40219.1
Project("{8BC9CEB8-8B4A-11D0-8D11-00A0C91BC942}") = "FirstConsoleApplication", "FirstConsoleApplication\FirstConsoleApplication.vcxproj", "{232CF6EF-0323-4165-83A6-D81A8600EFC8}"
EndProject
Project("{8BC9CEB8-8B4A-11D0-8D11-00A0C91BC942}") = "VariableConsoleApplication", "VariableConsoleApplication\VariableConsoleApplication.vcxproj", "{EB5FDBE9-3001-4F45-B1FA-38A62208030F}"
EndProject
Project("{2150E333-8FDC-42A3-9474-1A3956D46DE8}") = "01. Podstawy", "01. Podstawy", "{00604E83-B6E3-4F3C-A918-7AF52839AABC}"
EndProject
Project("{2150E333-8FDC-42A3-9474-1A3956D46DE8}") = "02. Instrukcje decyzyjne", "02. Instrukcje decyzyjne", "{D34814E8-7FB2-4804-9BC3-367A0E8460FE}"
EndProject
Project("{8BC9CEB8-8B4A-11D0-8D11-00A0C91BC942}") = "InstructionIfConsoleApplication", "InstructionIfConsoleApplication\InstructionIfConsoleApplication.vcxproj", "{2422C97F-C835-44CA-829A-3B5DA43990EA}"
EndProject
Project("{8BC9CEB8-8B4A-11D0-8D11-00A0C91BC942}") = "LoopDoWhileConsoleApplication", "LoopDoWhileConsoleApplication\LoopDoWhileConsoleApplication.vcxproj", "{96694B21-5843-498D-98AE-66D07D8A9998}"
EndProject
Project("{8BC9CEB8-8B4A-11D0-8D11-00A0C91BC942}") = "LoopWhileConsoleApplication", "LoopWhileConsoleApplication\LoopWhileConsoleApplication.vcxproj", "{074FCCA0-58DB-4B3E-842A-49EA2A9FB224}"
EndProject
Project("{8BC9CEB8-8B4A-11D0-8D11-00A0C91BC942}") = "LoopForConsoleApplication", "LoopForConsoleApplication\LoopForConsoleApplication.vcxproj", "{F1544581-339A-46DC-B670-7032E3F5A6C1}"
EndProject
Project("{2150E333-8FDC-42A3-9474-1A3956D46DE8}") = "03. Kolekcje", "03. Kolekcje", "{E44C49BE-E3E0-4866-AC4E-72C43EFDDADF}"
EndProject
Project("{8BC9CEB8-8B4A-11D0-8D11-00A0C91BC942}") = "CharactersConsoleApplication", "CharactersConsoleApplication\CharactersConsoleApplication.vcxproj", "{D1683F18-1611-409D-9DDB-21D37840DB3F}"
EndProject
Project("{8BC9CEB8-8B4A-11D0-8D11-00A0C91BC942}") = "ArrayConsoleApplication", "ArrayConsoleApplication\ArrayConsoleApplication.vcxproj", "{01F9328C-0729-47E6-8264-B577BE99308E}"
EndProject
Project("{2150E333-8FDC-42A3-9474-1A3956D46DE8}") = "04. Funkcje", "04. Funkcje", "{AEA748EC-1EC8-46B3-AA0A-94C129CD9ED6}"
EndProject
Project("{8BC9CEB8-8B4A-11D0-8D11-00A0C91BC942}") = "FunctionConsoleApplication", "FunctionConsoleApplication\FunctionConsoleApplication.vcxproj", "{848488B9-102D-47DD-8330-C2A525AE061B}"
EndProject
Project("{2150E333-8FDC-42A3-9474-1A3956D46DE8}") = "05. Zadania", "05. Zadania", "{5DA3C9D6-34F1-4AE6-A5D2-555D8E869A18}"
EndProject
Project("{8BC9CEB8-8B4A-11D0-8D11-00A0C91BC942}") = "TicTacToeConsoleApplication", "TicTacToeConsoleApplication\TicTacToeConsoleApplication.vcxproj", "{2640CA95-3CBB-4DC5-AB0A-EF3D2553646B}"
EndProject
Project("{2150E333-8FDC-42A3-9474-1A3956D46DE8}") = "06. Struktury", "06. Struktury", "{9EF10808-FAA4-4E1A-9302-201F7E001E29}"
EndProject
Project("{8BC9CEB8-8B4A-11D0-8D11-00A0C91BC942}") = "FirstStructConsoleApplication", "FirstStructConsoleApplication\FirstStructConsoleApplication.vcxproj", "{8D2E605D-091F-4F73-93CB-3324CD266295}"
EndProject
Project("{2150E333-8FDC-42A3-9474-1A3956D46DE8}") = "Programowanie strukturalne", "Programowanie strukturalne", "{B0D47345-1369-45A1-95DB-222D237B52B0}"
EndProject
Project("{2150E333-8FDC-42A3-9474-1A3956D46DE8}") = "Programowanie obiektowe", "Programowanie obiektowe", "{78F9235B-4FC3-4807-AF4D-5D9D71633D58}"
EndProject
Project("{2150E333-8FDC-42A3-9474-1A3956D46DE8}") = "01. Podstawy", "01. Podstawy", "{1AE8B3D0-68E2-4E7C-9633-2016D9A4EEAA}"
EndProject
Project("{8BC9CEB8-8B4A-11D0-8D11-00A0C91BC942}") = "FirstObjectConsoleApplication", "FirstObjectConsoleApplication\FirstObjectConsoleApplication.vcxproj", "{3E9E7194-AAE9-4583-8151-990681830A47}"
EndProject
Project("{8BC9CEB8-8B4A-11D0-8D11-00A0C91BC942}") = "ReadAndWriteOnFilesConsoleApplication", "ReadAndWriteOnFilesConsoleApplication\ReadAndWriteOnFilesConsoleApplication.vcxproj", "{8476827E-2F22-43F0-B454-23B78288629F}"
EndProject
Global
	GlobalSection(SolutionConfigurationPlatforms) = preSolution
		Debug|x64 = Debug|x64
		Debug|x86 = Debug|x86
		Release|x64 = Release|x64
		Release|x86 = Release|x86
	EndGlobalSection
	GlobalSection(ProjectConfigurationPlatforms) = postSolution
		{232CF6EF-0323-4165-83A6-D81A8600EFC8}.Debug|x64.ActiveCfg = Debug|x64
		{232CF6EF-0323-4165-83A6-D81A8600EFC8}.Debug|x64.Build.0 = Debug|x64
		{232CF6EF-0323-4165-83A6-D81A8600EFC8}.Debug|x86.ActiveCfg = Debug|Win32
		{232CF6EF-0323-4165-83A6-D81A8600EFC8}.Debug|x86.Build.0 = Debug|Win32
		{232CF6EF-0323-4165-83A6-D81A8600EFC8}.Release|x64.ActiveCfg = Release|x64
		{232CF6EF-0323-4165-83A6-D81A8600EFC8}.Release|x64.Build.0 = Release|x64
		{232CF6EF-0323-4165-83A6-D81A8600EFC8}.Release|x86.ActiveCfg = Release|Win32
		{232CF6EF-0323-4165-83A6-D81A8600EFC8}.Release|x86.Build.0 = Release|Win32
		{EB5FDBE9-3001-4F45-B1FA-38A62208030F}.Debug|x64.ActiveCfg = Debug|x64
		{EB5FDBE9-3001-4F45-B1FA-38A62208030F}.Debug|x64.Build.0 = Debug|x64
		{EB5FDBE9-3001-4F45-B1FA-38A62208030F}.Debug|x86.ActiveCfg = Debug|Win32
		{EB5FDBE9-3001-4F45-B1FA-38A62208030F}.Debug|x86.Build.0 = Debug|Win32
		{EB5FDBE9-3001-4F45-B1FA-38A62208030F}.Release|x64.ActiveCfg = Release|x64
		{EB5FDBE9-3001-4F45-B1FA-38A62208030F}.Release|x64.Build.0 = Release|x64
		{EB5FDBE9-3001-4F45-B1FA-38A62208030F}.Release|x86.ActiveCfg = Release|Win32
		{EB5FDBE9-3001-4F45-B1FA-38A62208030F}.Release|x86.Build.0 = Release|Win32
		{2422C97F-C835-44CA-829A-3B5DA43990EA}.Debug|x64.ActiveCfg = Debug|x64
		{2422C97F-C835-44CA-829A-3B5DA43990EA}.Debug|x64.Build.0 = Debug|x64
		{2422C97F-C835-44CA-829A-3B5DA43990EA}.Debug|x86.ActiveCfg = Debug|Win32
		{2422C97F-C835-44CA-829A-3B5DA43990EA}.Debug|x86.Build.0 = Debug|Win32
		{2422C97F-C835-44CA-829A-3B5DA43990EA}.Release|x64.ActiveCfg = Release|x64
		{2422C97F-C835-44CA-829A-3B5DA43990EA}.Release|x64.Build.0 = Release|x64
		{2422C97F-C835-44CA-829A-3B5DA43990EA}.Release|x86.ActiveCfg = Release|Win32
		{2422C97F-C835-44CA-829A-3B5DA43990EA}.Release|x86.Build.0 = Release|Win32
		{96694B21-5843-498D-98AE-66D07D8A9998}.Debug|x64.ActiveCfg = Debug|x64
		{96694B21-5843-498D-98AE-66D07D8A9998}.Debug|x64.Build.0 = Debug|x64
		{96694B21-5843-498D-98AE-66D07D8A9998}.Debug|x86.ActiveCfg = Debug|Win32
		{96694B21-5843-498D-98AE-66D07D8A9998}.Debug|x86.Build.0 = Debug|Win32
		{96694B21-5843-498D-98AE-66D07D8A9998}.Release|x64.ActiveCfg = Release|x64
		{96694B21-5843-498D-98AE-66D07D8A9998}.Release|x64.Build.0 = Release|x64
		{96694B21-5843-498D-98AE-66D07D8A9998}.Release|x86.ActiveCfg = Release|Win32
		{96694B21-5843-498D-98AE-66D07D8A9998}.Release|x86.Build.0 = Release|Win32
		{074FCCA0-58DB-4B3E-842A-49EA2A9FB224}.Debug|x64.ActiveCfg = Debug|x64
		{074FCCA0-58DB-4B3E-842A-49EA2A9FB224}.Debug|x64.Build.0 = Debug|x64
		{074FCCA0-58DB-4B3E-842A-49EA2A9FB224}.Debug|x86.ActiveCfg = Debug|Win32
		{074FCCA0-58DB-4B3E-842A-49EA2A9FB224}.Debug|x86.Build.0 = Debug|Win32
		{074FCCA0-58DB-4B3E-842A-49EA2A9FB224}.Release|x64.ActiveCfg = Release|x64
		{074FCCA0-58DB-4B3E-842A-49EA2A9FB224}.Release|x64.Build.0 = Release|x64
		{074FCCA0-58DB-4B3E-842A-49EA2A9FB224}.Release|x86.ActiveCfg = Release|Win32
		{074FCCA0-58DB-4B3E-842A-49EA2A9FB224}.Release|x86.Build.0 = Release|Win32
		{F1544581-339A-46DC-B670-7032E3F5A6C1}.Debug|x64.ActiveCfg = Debug|x64
		{F1544581-339A-46DC-B670-7032E3F5A6C1}.Debug|x64.Build.0 = Debug|x64
		{F1544581-339A-46DC-B670-7032E3F5A6C1}.Debug|x86.ActiveCfg = Debug|Win32
		{F1544581-339A-46DC-B670-7032E3F5A6C1}.Debug|x86.Build.0 = Debug|Win32
		{F1544581-339A-46DC-B670-7032E3F5A6C1}.Release|x64.ActiveCfg = Release|x64
		{F1544581-339A-46DC-B670-7032E3F5A6C1}.Release|x64.Build.0 = Release|x64
		{F1544581-339A-46DC-B670-7032E3F5A6C1}.Release|x86.ActiveCfg = Release|Win32
		{F1544581-339A-46DC-B670-7032E3F5A6C1}.Release|x86.Build.0 = Release|Win32
		{D1683F18-1611-409D-9DDB-21D37840DB3F}.Debug|x64.ActiveCfg = Debug|x64
		{D1683F18-1611-409D-9DDB-21D37840DB3F}.Debug|x64.Build.0 = Debug|x64
		{D1683F18-1611-409D-9DDB-21D37840DB3F}.Debug|x86.ActiveCfg = Debug|Win32
		{D1683F18-1611-409D-9DDB-21D37840DB3F}.Debug|x86.Build.0 = Debug|Win32
		{D1683F18-1611-409D-9DDB-21D37840DB3F}.Release|x64.ActiveCfg = Release|x64
		{D1683F18-1611-409D-9DDB-21D37840DB3F}.Release|x64.Build.0 = Release|x64
		{D1683F18-1611-409D-9DDB-21D37840DB3F}.Release|x86.ActiveCfg = Release|Win32
		{D1683F18-1611-409D-9DDB-21D37840DB3F}.Release|x86.Build.0 = Release|Win32
		{01F9328C-0729-47E6-8264-B577BE99308E}.Debug|x64.ActiveCfg = Debug|x64
		{01F9328C-0729-47E6-8264-B577BE99308E}.Debug|x64.Build.0 = Debug|x64
		{01F9328C-0729-47E6-8264-B577BE99308E}.Debug|x86.ActiveCfg = Debug|Win32
		{01F9328C-0729-47E6-8264-B577BE99308E}.Debug|x86.Build.0 = Debug|Win32
		{01F9328C-0729-47E6-8264-B577BE99308E}.Release|x64.ActiveCfg = Release|x64
		{01F9328C-0729-47E6-8264-B577BE99308E}.Release|x64.Build.0 = Release|x64
		{01F9328C-0729-47E6-8264-B577BE99308E}.Release|x86.ActiveCfg = Release|Win32
		{01F9328C-0729-47E6-8264-B577BE99308E}.Release|x86.Build.0 = Release|Win32
		{848488B9-102D-47DD-8330-C2A525AE061B}.Debug|x64.ActiveCfg = Debug|x64
		{848488B9-102D-47DD-8330-C2A525AE061B}.Debug|x64.Build.0 = Debug|x64
		{848488B9-102D-47DD-8330-C2A525AE061B}.Debug|x86.ActiveCfg = Debug|Win32
		{848488B9-102D-47DD-8330-C2A525AE061B}.Debug|x86.Build.0 = Debug|Win32
		{848488B9-102D-47DD-8330-C2A525AE061B}.Release|x64.ActiveCfg = Release|x64
		{848488B9-102D-47DD-8330-C2A525AE061B}.Release|x64.Build.0 = Release|x64
		{848488B9-102D-47DD-8330-C2A525AE061B}.Release|x86.ActiveCfg = Release|Win32
		{848488B9-102D-47DD-8330-C2A525AE061B}.Release|x86.Build.0 = Release|Win32
		{2640CA95-3CBB-4DC5-AB0A-EF3D2553646B}.Debug|x64.ActiveCfg = Debug|x64
		{2640CA95-3CBB-4DC5-AB0A-EF3D2553646B}.Debug|x64.Build.0 = Debug|x64
		{2640CA95-3CBB-4DC5-AB0A-EF3D2553646B}.Debug|x86.ActiveCfg = Debug|Win32
		{2640CA95-3CBB-4DC5-AB0A-EF3D2553646B}.Debug|x86.Build.0 = Debug|Win32
		{2640CA95-3CBB-4DC5-AB0A-EF3D2553646B}.Release|x64.ActiveCfg = Release|x64
		{2640CA95-3CBB-4DC5-AB0A-EF3D2553646B}.Release|x64.Build.0 = Release|x64
		{2640CA95-3CBB-4DC5-AB0A-EF3D2553646B}.Release|x86.ActiveCfg = Release|Win32
		{2640CA95-3CBB-4DC5-AB0A-EF3D2553646B}.Release|x86.Build.0 = Release|Win32
		{8D2E605D-091F-4F73-93CB-3324CD266295}.Debug|x64.ActiveCfg = Debug|x64
		{8D2E605D-091F-4F73-93CB-3324CD266295}.Debug|x64.Build.0 = Debug|x64
		{8D2E605D-091F-4F73-93CB-3324CD266295}.Debug|x86.ActiveCfg = Debug|Win32
		{8D2E605D-091F-4F73-93CB-3324CD266295}.Debug|x86.Build.0 = Debug|Win32
		{8D2E605D-091F-4F73-93CB-3324CD266295}.Release|x64.ActiveCfg = Release|x64
		{8D2E605D-091F-4F73-93CB-3324CD266295}.Release|x64.Build.0 = Release|x64
		{8D2E605D-091F-4F73-93CB-3324CD266295}.Release|x86.ActiveCfg = Release|Win32
		{8D2E605D-091F-4F73-93CB-3324CD266295}.Release|x86.Build.0 = Release|Win32
		{3E9E7194-AAE9-4583-8151-990681830A47}.Debug|x64.ActiveCfg = Debug|x64
		{3E9E7194-AAE9-4583-8151-990681830A47}.Debug|x64.Build.0 = Debug|x64
		{3E9E7194-AAE9-4583-8151-990681830A47}.Debug|x86.ActiveCfg = Debug|Win32
		{3E9E7194-AAE9-4583-8151-990681830A47}.Debug|x86.Build.0 = Debug|Win32
		{3E9E7194-AAE9-4583-8151-990681830A47}.Release|x64.ActiveCfg = Release|x64
		{3E9E7194-AAE9-4583-8151-990681830A47}.Release|x64.Build.0 = Release|x64
		{3E9E7194-AAE9-4583-8151-990681830A47}.Release|x86.ActiveCfg = Release|Win32
		{3E9E7194-AAE9-4583-8151-990681830A47}.Release|x86.Build.0 = Release|Win32
		{8476827E-2F22-43F0-B454-23B78288629F}.Debug|x64.ActiveCfg = Debug|x64
		{8476827E-2F22-43F0-B454-23B78288629F}.Debug|x64.Build.0 = Debug|x64
		{8476827E-2F22-43F0-B454-23B78288629F}.Debug|x86.ActiveCfg = Debug|Win32
		{8476827E-2F22-43F0-B454-23B78288629F}.Debug|x86.Build.0 = Debug|Win32
		{8476827E-2F22-43F0-B454-23B78288629F}.Release|x64.ActiveCfg = Release|x64
		{8476827E-2F22-43F0-B454-23B78288629F}.Release|x64.Build.0 = Release|x64
		{8476827E-2F22-43F0-B454-23B78288629F}.Release|x86.ActiveCfg = Release|Win32
		{8476827E-2F22-43F0-B454-23B78288629F}.Release|x86.Build.0 = Release|Win32
	EndGlobalSection
	GlobalSection(SolutionProperties) = preSolution
		HideSolutionNode = FALSE
	EndGlobalSection
	GlobalSection(NestedProjects) = preSolution
		{232CF6EF-0323-4165-83A6-D81A8600EFC8} = {00604E83-B6E3-4F3C-A918-7AF52839AABC}
		{EB5FDBE9-3001-4F45-B1FA-38A62208030F} = {00604E83-B6E3-4F3C-A918-7AF52839AABC}
		{00604E83-B6E3-4F3C-A918-7AF52839AABC} = {B0D47345-1369-45A1-95DB-222D237B52B0}
		{D34814E8-7FB2-4804-9BC3-367A0E8460FE} = {B0D47345-1369-45A1-95DB-222D237B52B0}
		{2422C97F-C835-44CA-829A-3B5DA43990EA} = {D34814E8-7FB2-4804-9BC3-367A0E8460FE}
		{96694B21-5843-498D-98AE-66D07D8A9998} = {D34814E8-7FB2-4804-9BC3-367A0E8460FE}
		{074FCCA0-58DB-4B3E-842A-49EA2A9FB224} = {D34814E8-7FB2-4804-9BC3-367A0E8460FE}
		{F1544581-339A-46DC-B670-7032E3F5A6C1} = {D34814E8-7FB2-4804-9BC3-367A0E8460FE}
		{E44C49BE-E3E0-4866-AC4E-72C43EFDDADF} = {B0D47345-1369-45A1-95DB-222D237B52B0}
		{D1683F18-1611-409D-9DDB-21D37840DB3F} = {E44C49BE-E3E0-4866-AC4E-72C43EFDDADF}
		{01F9328C-0729-47E6-8264-B577BE99308E} = {E44C49BE-E3E0-4866-AC4E-72C43EFDDADF}
		{AEA748EC-1EC8-46B3-AA0A-94C129CD9ED6} = {B0D47345-1369-45A1-95DB-222D237B52B0}
		{848488B9-102D-47DD-8330-C2A525AE061B} = {AEA748EC-1EC8-46B3-AA0A-94C129CD9ED6}
		{5DA3C9D6-34F1-4AE6-A5D2-555D8E869A18} = {B0D47345-1369-45A1-95DB-222D237B52B0}
		{2640CA95-3CBB-4DC5-AB0A-EF3D2553646B} = {5DA3C9D6-34F1-4AE6-A5D2-555D8E869A18}
		{9EF10808-FAA4-4E1A-9302-201F7E001E29} = {B0D47345-1369-45A1-95DB-222D237B52B0}
		{8D2E605D-091F-4F73-93CB-3324CD266295} = {9EF10808-FAA4-4E1A-9302-201F7E001E29}
		{1AE8B3D0-68E2-4E7C-9633-2016D9A4EEAA} = {78F9235B-4FC3-4807-AF4D-5D9D71633D58}
		{3E9E7194-AAE9-4583-8151-990681830A47} = {1AE8B3D0-68E2-4E7C-9633-2016D9A4EEAA}
		{8476827E-2F22-43F0-B454-23B78288629F} = {1AE8B3D0-68E2-4E7C-9633-2016D9A4EEAA}
	EndGlobalSection
	GlobalSection(ExtensibilityGlobals) = postSolution
		SolutionGuid = {83F8EF81-3781-492D-8632-2687376FEE0F}
	EndGlobalSection
EndGlobal
